{
  "requires": true,
  "lockfileVersion": 1,
  "dependencies": {
    "express-layout": {
      "version": "0.1.0",
      "resolved": "https://registry.npmjs.org/express-layout/-/express-layout-0.1.0.tgz",
      "integrity": "sha1-gydvJEO27QEQGyl03N0addWlmAY=",
      "requires": {
        "obj-extend": "~0.1.0"
      }
    },
    "obj-extend": {
      "version": "0.1.0",
      "resolved": "https://registry.npmjs.org/obj-extend/-/obj-extend-0.1.0.tgz",
      "integrity": "sha1-u0SKR3X7les0p4H5CLusLfI9u1s="
    }
  }
}
